
Microsoft Visual Studio Solution File, Format Version 12.00
# Visual Studio Version 16
VisualStudioVersion = 16.0.31025.194
MinimumVisualStudioVersion = 10.0.40219.1
Project("{9A19103F-16F7-4668-BE54-9A1E7A4F7556}") = "TrainingService", "TrainingService.csproj", "{51054C7A-CC29-4229-B1E0-0242E59F4D66}"
EndProject
Project("{FAE04EC0-301F-11D3-BF4B-00C04F79EFBC}") = "Models", "..\Models\Models.csproj", "{A2D68BED-7E6A-46F8-8294-71C8B70B7A5A}"
EndProject
Project("{FAE04EC0-301F-11D3-BF4B-00C04F79EFBC}") = "DBRepository", "..\DBRepository\DBRepository.csproj", "{92A400CB-852A-45EE-A72D-EB4201A0E891}"
EndProject
Global
	GlobalSection(SolutionConfigurationPlatforms) = preSolution
		Debug|Any CPU = Debug|Any CPU
		Release|Any CPU = Release|Any CPU
	EndGlobalSection
	GlobalSection(ProjectConfigurationPlatforms) = postSolution
		{51054C7A-CC29-4229-B1E0-0242E59F4D66}.Debug|Any CPU.ActiveCfg = Debug|Any CPU
		{51054C7A-CC29-4229-B1E0-0242E59F4D66}.Debug|Any CPU.Build.0 = Debug|Any CPU
		{51054C7A-CC29-4229-B1E0-0242E59F4D66}.Release|Any CPU.ActiveCfg = Release|Any CPU
		{51054C7A-CC29-4229-B1E0-0242E59F4D66}.Release|Any CPU.Build.0 = Release|Any CPU
		{A2D68BED-7E6A-46F8-8294-71C8B70B7A5A}.Debug|Any CPU.ActiveCfg = Debug|Any CPU
		{A2D68BED-7E6A-46F8-8294-71C8B70B7A5A}.Debug|Any CPU.Build.0 = Debug|Any CPU
		{A2D68BED-7E6A-46F8-8294-71C8B70B7A5A}.Release|Any CPU.ActiveCfg = Release|Any CPU
		{A2D68BED-7E6A-46F8-8294-71C8B70B7A5A}.Release|Any CPU.Build.0 = Release|Any CPU
		{92A400CB-852A-45EE-A72D-EB4201A0E891}.Debug|Any CPU.ActiveCfg = Debug|Any CPU
		{92A400CB-852A-45EE-A72D-EB4201A0E891}.Debug|Any CPU.Build.0 = Debug|Any CPU
		{92A400CB-852A-45EE-A72D-EB4201A0E891}.Release|Any CPU.ActiveCfg = Release|Any CPU
		{92A400CB-852A-45EE-A72D-EB4201A0E891}.Release|Any CPU.Build.0 = Release|Any CPU
	EndGlobalSection
	GlobalSection(SolutionProperties) = preSolution
		HideSolutionNode = FALSE
	EndGlobalSection
	GlobalSection(ExtensibilityGlobals) = postSolution
		SolutionGuid = {5C2105DC-ACC8-43BF-99B3-E3C1079E144D}
	EndGlobalSection
EndGlobal
